
Microsoft Visual Studio Solution File, Format Version 12.00
# Visual Studio 14
VisualStudioVersion = 14.0.25420.1
MinimumVisualStudioVersion = 10.0.40219.1
Project("{2150E333-8FDC-42A3-9474-1A3956D46DE8}") = "Library", "Library", "{BAA72437-9A5C-4537-8264-C2328B8F1ABE}"
EndProject
Project("{2150E333-8FDC-42A3-9474-1A3956D46DE8}") = "Presentation", "Presentation", "{1E37F73F-A163-48EC-8705-1EF9883148ED}"
EndProject
Project("{8BB2217D-0F2D-49D1-97BC-3654ED321F3B}") = "API", "API\API.xproj", "{C9B15C51-03F2-4BFF-B541-4C78E602B3DC}"
EndProject
Project("{8BB2217D-0F2D-49D1-97BC-3654ED321F3B}") = "HMS.Core", "HMS.Core\HMS.Core.xproj", "{936B9921-B635-479F-883B-0DD37A0F76A6}"
EndProject
Project("{8BB2217D-0F2D-49D1-97BC-3654ED321F3B}") = "HMS.Data", "HMS.Data\HMS.Data.xproj", "{FB8905A5-0372-4502-8C0E-CC259C23BE64}"
EndProject
Project("{8BB2217D-0F2D-49D1-97BC-3654ED321F3B}") = "HMS.Service", "HMS.Service\HMS.Service.xproj", "{F6B683F8-3513-430E-B158-0BE31FE819A7}"
EndProject
Global
	GlobalSection(SolutionConfigurationPlatforms) = preSolution
		Debug|Any CPU = Debug|Any CPU
		Release|Any CPU = Release|Any CPU
	EndGlobalSection
	GlobalSection(ProjectConfigurationPlatforms) = postSolution
		{C9B15C51-03F2-4BFF-B541-4C78E602B3DC}.Debug|Any CPU.ActiveCfg = Debug|Any CPU
		{C9B15C51-03F2-4BFF-B541-4C78E602B3DC}.Debug|Any CPU.Build.0 = Debug|Any CPU
		{C9B15C51-03F2-4BFF-B541-4C78E602B3DC}.Release|Any CPU.ActiveCfg = Release|Any CPU
		{C9B15C51-03F2-4BFF-B541-4C78E602B3DC}.Release|Any CPU.Build.0 = Release|Any CPU
		{936B9921-B635-479F-883B-0DD37A0F76A6}.Debug|Any CPU.ActiveCfg = Debug|Any CPU
		{936B9921-B635-479F-883B-0DD37A0F76A6}.Debug|Any CPU.Build.0 = Debug|Any CPU
		{936B9921-B635-479F-883B-0DD37A0F76A6}.Release|Any CPU.ActiveCfg = Release|Any CPU
		{936B9921-B635-479F-883B-0DD37A0F76A6}.Release|Any CPU.Build.0 = Release|Any CPU
		{FB8905A5-0372-4502-8C0E-CC259C23BE64}.Debug|Any CPU.ActiveCfg = Debug|Any CPU
		{FB8905A5-0372-4502-8C0E-CC259C23BE64}.Debug|Any CPU.Build.0 = Debug|Any CPU
		{FB8905A5-0372-4502-8C0E-CC259C23BE64}.Release|Any CPU.ActiveCfg = Release|Any CPU
		{FB8905A5-0372-4502-8C0E-CC259C23BE64}.Release|Any CPU.Build.0 = Release|Any CPU
		{F6B683F8-3513-430E-B158-0BE31FE819A7}.Debug|Any CPU.ActiveCfg = Debug|Any CPU
		{F6B683F8-3513-430E-B158-0BE31FE819A7}.Debug|Any CPU.Build.0 = Debug|Any CPU
		{F6B683F8-3513-430E-B158-0BE31FE819A7}.Release|Any CPU.ActiveCfg = Release|Any CPU
		{F6B683F8-3513-430E-B158-0BE31FE819A7}.Release|Any CPU.Build.0 = Release|Any CPU
	EndGlobalSection
	GlobalSection(SolutionProperties) = preSolution
		HideSolutionNode = FALSE
	EndGlobalSection
	GlobalSection(NestedProjects) = preSolution
		{C9B15C51-03F2-4BFF-B541-4C78E602B3DC} = {1E37F73F-A163-48EC-8705-1EF9883148ED}
		{936B9921-B635-479F-883B-0DD37A0F76A6} = {BAA72437-9A5C-4537-8264-C2328B8F1ABE}
		{FB8905A5-0372-4502-8C0E-CC259C23BE64} = {BAA72437-9A5C-4537-8264-C2328B8F1ABE}
		{F6B683F8-3513-430E-B158-0BE31FE819A7} = {BAA72437-9A5C-4537-8264-C2328B8F1ABE}
	EndGlobalSection
EndGlobal
